
Microsoft Visual Studio Solution File, Format Version 12.00
# Visual Studio Version 17
VisualStudioVersion = 17.10.35013.160
MinimumVisualStudioVersion = 10.0.40219.1
Project("{FAE04EC0-301F-11D3-BF4B-00C04F79EFBC}") = "Consolepokusy", "ConsoleApp1\Consolepokusy.csproj", "{ACF06628-02EE-4ADC-9EF0-DF0EE085BF42}"
EndProject
Global
	GlobalSection(SolutionConfigurationPlatforms) = preSolution
		Debug|Any CPU = Debug|Any CPU
		Release|Any CPU = Release|Any CPU
	EndGlobalSection
	GlobalSection(ProjectConfigurationPlatforms) = postSolution
		{ACF06628-02EE-4ADC-9EF0-DF0EE085BF42}.Debug|Any CPU.ActiveCfg = Debug|Any CPU
		{ACF06628-02EE-4ADC-9EF0-DF0EE085BF42}.Debug|Any CPU.Build.0 = Debug|Any CPU
		{ACF06628-02EE-4ADC-9EF0-DF0EE085BF42}.Release|Any CPU.ActiveCfg = Release|Any CPU
		{ACF06628-02EE-4ADC-9EF0-DF0EE085BF42}.Release|Any CPU.Build.0 = Release|Any CPU
	EndGlobalSection
	GlobalSection(SolutionProperties) = preSolution
		HideSolutionNode = FALSE
	EndGlobalSection
	GlobalSection(ExtensibilityGlobals) = postSolution
		SolutionGuid = {F9E20993-23D0-48E8-832C-50FDF22DAFDC}
	EndGlobalSection
EndGlobal
